
Microsoft Visual Studio Solution File, Format Version 12.00
# Visual Studio Version 17
VisualStudioVersion = 17.4.33403.182
MinimumVisualStudioVersion = 10.0.40219.1
Project("{9A19103F-16F7-4668-BE54-9A1E7A4F7556}") = "VideoView", "VideoView\VideoView.csproj", "{D7D9AA1C-126B-41C2-91E7-99A7EF71EAD0}"
EndProject
Global
	GlobalSection(SolutionConfigurationPlatforms) = preSolution
		Debug|Any CPU = Debug|Any CPU
		Release|Any CPU = Release|Any CPU
	EndGlobalSection
	GlobalSection(ProjectConfigurationPlatforms) = postSolution
		{D7D9AA1C-126B-41C2-91E7-99A7EF71EAD0}.Debug|Any CPU.ActiveCfg = Debug|Any CPU
		{D7D9AA1C-126B-41C2-91E7-99A7EF71EAD0}.Debug|Any CPU.Build.0 = Debug|Any CPU
		{D7D9AA1C-126B-41C2-91E7-99A7EF71EAD0}.Release|Any CPU.ActiveCfg = Release|Any CPU
		{D7D9AA1C-126B-41C2-91E7-99A7EF71EAD0}.Release|Any CPU.Build.0 = Release|Any CPU
	EndGlobalSection
	GlobalSection(SolutionProperties) = preSolution
		HideSolutionNode = FALSE
	EndGlobalSection
	GlobalSection(ExtensibilityGlobals) = postSolution
		SolutionGuid = {31700B35-A427-471E-8359-8FB0791169AF}
	EndGlobalSection
EndGlobal
